<?xml version="1.0" encoding="utf-8"?>
<Project ToolsVersion="4.0" xmlns="http://schemas.microsoft.com/developer/msbuild/2003">
  <ItemGroup>
    <Filter Include="Source Files">
      <UniqueIdentifier>{4FC737F1-C7A5-4376-A066-2A32D752A2FF}</UniqueIdentifier>
      <Extensions>cpp;c;cc;cxx;c++;cppm;ixx;def;odl;idl;hpj;bat;asm;asmx</Extensions>
    </Filter>
    <Filter Include="Header Files">
      <UniqueIdentifier>{93995380-89BD-4b04-88EB-625FBE52EBFB}</UniqueIdentifier>
      <Extensions>h;hh;hpp;hxx;h++;hm;inl;inc;ipp;xsd</Extensions>
    </Filter>
    <Filter Include="Resource Files">
      <UniqueIdentifier>{67DA6AB6-F800-4c08-8B7A-83BB121AAD01}</UniqueIdentifier>
      <Extensions>rc;ico;cur;bmp;dlg;rc2;rct;bin;rgs;gif;jpg;jpeg;jpe;resx;tiff;tif;png;wav;mfcribbon-ms</Extensions>
    </Filter>
  </ItemGroup>
  <ItemGroup>
    <ClInclude Include="external\imgui\imconfig.h">
      <Filter>Header Files</Filter>
    </ClInclude>
    <ClInclude Include="external\imgui\imgui.h">
      <Filter>Header Files</Filter>
    </ClInclude>
    <ClInclude Include="external\imgui\imgui_impl_dx9.h">
      <Filter>Header Files</Filter>
    </ClInclude>
    <ClInclude Include="external\imgui\imgui_impl_win32.h">
      <Filter>Header Files</Filter>
    </ClInclude>
    <ClInclude Include="external\imgui\imgui_internal.h">
      <Filter>Header Files</Filter>
    </ClInclude>
    <ClInclude Include="external\imgui\imstb_rectpack.h">
      <Filter>Header Files</Filter>
    </ClInclude>
    <ClInclude Include="external\imgui\imstb_textedit.h">
      <Filter>Header Files</Filter>
    </ClInclude>
    <ClInclude Include="external\imgui\imstb_truetype.h">
      <Filter>Header Files</Filter>
    </ClInclude>
    <ClInclude Include="menu\overlay\overlay.h">
      <Filter>Header Files</Filter>
    </ClInclude>
    <ClInclude Include="menu\overlay\setup.h">
      <Filter>Header Files</Filter>
    </ClInclude>
    <ClInclude Include="core\sdk\vars\game.h">
      <Filter>Header Files</Filter>
    </ClInclude>
    <ClInclude Include="core\utils\singleton.h">
      <Filter>Header Files</Filter>
    </ClInclude>
    <ClInclude Include="menu\includes.h">
      <Filter>Header Files</Filter>
    </ClInclude>
    <ClInclude Include="menu\overlay\controls.h">
      <Filter>Header Files</Filter>
    </ClInclude>
    <ClInclude Include="core\utils\lazy_importer.h">
      <Filter>Header Files</Filter>
    </ClInclude>
    <ClInclude Include="menu\config\config.h">
      <Filter>Header Files</Filter>
    </ClInclude>
    <ClInclude Include="menu\config\json.h">
      <Filter>Header Files</Filter>
    </ClInclude>
    <ClInclude Include="core\memory\driver\driver.hpp">
      <Filter>Header Files</Filter>
    </ClInclude>
    <ClInclude Include="core\memory\memory.hpp">
      <Filter>Header Files</Filter>
    </ClInclude>
    <ClInclude Include="core\sdk\system\systems.h">
      <Filter>Header Files</Filter>
    </ClInclude>
    <ClInclude Include="core\sdk\system\offsets.h">
      <Filter>Header Files</Filter>
    </ClInclude>
    <ClInclude Include="core\sdk\system\math.hpp">
      <Filter>Header Files</Filter>
    </ClInclude>
    <ClInclude Include="core\sdk\classes\c_unity.h">
      <Filter>Header Files</Filter>
    </ClInclude>
    <ClInclude Include="core\sdk\classes\c_time.h">
      <Filter>Header Files</Filter>
    </ClInclude>
    <ClInclude Include="core\sdk\classes\c_transform.h">
      <Filter>Header Files</Filter>
    </ClInclude>
    <ClInclude Include="core\sdk\classes\c_camera.h">
      <Filter>Header Files</Filter>
    </ClInclude>
    <ClInclude Include="core\sdk\classes\c_command_list.h">
      <Filter>Header Files</Filter>
    </ClInclude>
    <ClInclude Include="core\sdk\classes\c_gradient.h">
      <Filter>Header Files</Filter>
    </ClInclude>
    <ClInclude Include="core\sdk\classes\c_groups.h">
      <Filter>Header Files</Filter>
    </ClInclude>
    <ClInclude Include="core\sdk\classes\c_base_collision.h">
      <Filter>Header Files</Filter>
    </ClInclude>
    <ClInclude Include="core\sdk\classes\c_base_combat_entity.h">
      <Filter>Header Files</Filter>
    </ClInclude>
    <ClInclude Include="core\sdk\classes\c_base_entity.h">
      <Filter>Header Files</Filter>
    </ClInclude>
    <ClInclude Include="core\sdk\classes\c_object.h">
      <Filter>Header Files</Filter>
    </ClInclude>
    <ClInclude Include="core\sdk\classes\c_object_class.h">
      <Filter>Header Files</Filter>
    </ClInclude>
    <ClInclude Include="core\sdk\classes\c_model.h">
      <Filter>Header Files</Filter>
    </ClInclude>
    <ClInclude Include="core\sdk\classes\c_weapon_view_model.h">
      <Filter>Header Files</Filter>
    </ClInclude>
    <ClInclude Include="core\sdk\classes\c_base_mountable.h">
      <Filter>Header Files</Filter>
    </ClInclude>
    <ClInclude Include="core\sdk\classes\c_base_movement.h">
      <Filter>Header Files</Filter>
    </ClInclude>
    <ClInclude Include="core\sdk\classes\c_base_networkable.h">
      <Filter>Header Files</Filter>
    </ClInclude>
    <ClInclude Include="core\sdk\classes\c_base_player.h">
      <Filter>Header Files</Filter>
    </ClInclude>
    <ClInclude Include="core\sdk\classes\c_capsule_collider.h">
      <Filter>Header Files</Filter>
    </ClInclude>
    <ClInclude Include="core\sdk\classes\c_convar_admin.h">
      <Filter>Header Files</Filter>
    </ClInclude>
    <ClInclude Include="core\sdk\classes\c_convar_client.h">
      <Filter>Header Files</Filter>
    </ClInclude>
    <ClInclude Include="core\sdk\classes\c_convar_graphics.h">
      <Filter>Header Files</Filter>
    </ClInclude>
    <ClInclude Include="core\sdk\classes\c_flashbang_overlay.h">
      <Filter>Header Files</Filter>
    </ClInclude>
    <ClInclude Include="core\sdk\classes\c_held_item.h">
      <Filter>Header Files</Filter>
    </ClInclude>
    <ClInclude Include="core\sdk\classes\c_hit_test.h">
      <Filter>Header Files</Filter>
    </ClInclude>
    <ClInclude Include="core\sdk\classes\c_input_message.h">
      <Filter>Header Files</Filter>
    </ClInclude>
    <ClInclude Include="core\sdk\classes\c_input_state.h">
      <Filter>Header Files</Filter>
    </ClInclude>
    <ClInclude Include="core\sdk\classes\c_item.h">
      <Filter>Header Files</Filter>
    </ClInclude>
    <ClInclude Include="core\sdk\classes\c_item_container.h">
      <Filter>Header Files</Filter>
    </ClInclude>
    <ClInclude Include="core\sdk\classes\c_item_definition.h">
      <Filter>Header Files</Filter>
    </ClInclude>
    <ClInclude Include="core\sdk\classes\c_item_list.h">
      <Filter>Header Files</Filter>
    </ClInclude>
    <ClInclude Include="core\sdk\classes\c_item_projectile_mod.h">
      <Filter>Header Files</Filter>
    </ClInclude>
    <ClInclude Include="core\sdk\classes\c_magazine.h">
      <Filter>Header Files</Filter>
    </ClInclude>
    <ClInclude Include="core\sdk\classes\c_model_state.h">
      <Filter>Header Files</Filter>
    </ClInclude>
    <ClInclude Include="core\sdk\classes\c_player_belt.h">
      <Filter>Header Files</Filter>
    </ClInclude>
    <ClInclude Include="core\sdk\classes\c_player_eyes.h">
      <Filter>Header Files</Filter>
    </ClInclude>
    <ClInclude Include="core\sdk\classes\c_player_input.h">
      <Filter>Header Files</Filter>
    </ClInclude>
    <ClInclude Include="core\sdk\classes\c_player_inventory.h">
      <Filter>Header Files</Filter>
    </ClInclude>
    <ClInclude Include="core\sdk\classes\c_player_model.h">
      <Filter>Header Files</Filter>
    </ClInclude>
    <ClInclude Include="core\sdk\classes\c_player_tick.h">
      <Filter>Header Files</Filter>
    </ClInclude>
    <ClInclude Include="core\sdk\classes\c_projectile.h">
      <Filter>Header Files</Filter>
    </ClInclude>
    <ClInclude Include="core\sdk\classes\c_recoil_properties.h">
      <Filter>Header Files</Filter>
    </ClInclude>
    <ClInclude Include="core\sdk\classes\c_rigid_body.h">
      <Filter>Header Files</Filter>
    </ClInclude>
    <ClInclude Include="core\sdk\classes\c_skin_set.h">
      <Filter>Header Files</Filter>
    </ClInclude>
    <ClInclude Include="core\sdk\classes\c_skin_type.h">
      <Filter>Header Files</Filter>
    </ClInclude>
    <ClInclude Include="core\sdk\classes\c_skinnable.h">
      <Filter>Header Files</Filter>
    </ClInclude>
    <ClInclude Include="core\sdk\classes\c_skinned_multi_mesh.h">
      <Filter>Header Files</Filter>
    </ClInclude>
    <ClInclude Include="core\sdk\classes\c_skinset_collection.h">
      <Filter>Header Files</Filter>
    </ClInclude>
    <ClInclude Include="core\sdk\classes\c_tod_components.h">
      <Filter>Header Files</Filter>
    </ClInclude>
    <ClInclude Include="core\sdk\classes\c_tod_day.h">
      <Filter>Header Files</Filter>
    </ClInclude>
    <ClInclude Include="core\sdk\classes\c_tod_scattering.h">
      <Filter>Header Files</Filter>
    </ClInclude>
    <ClInclude Include="core\sdk\classes\c_tod_sky.h">
      <Filter>Header Files</Filter>
    </ClInclude>
    <ClInclude Include="core\sdk\classes\c_tod_stars.h">
      <Filter>Header Files</Filter>
    </ClInclude>
    <ClInclude Include="core\sdk\classes\c_view_model.h">
      <Filter>Header Files</Filter>
    </ClInclude>
    <ClInclude Include="core\sdk\classes\c_weapon_bob.h">
      <Filter>Header Files</Filter>
    </ClInclude>
    <ClInclude Include="core\sdk\classes\c_weapon_lower.h">
      <Filter>Header Files</Filter>
    </ClInclude>
    <ClInclude Include="core\sdk\classes\c_weapon_punch.h">
      <Filter>Header Files</Filter>
    </ClInclude>
    <ClInclude Include="core\sdk\classes\c_weapon_sway.h">
      <Filter>Header Files</Filter>
    </ClInclude>
    <ClInclude Include="core\sdk\classes\c_tod_night.h">
      <Filter>Header Files</Filter>
    </ClInclude>
    <ClInclude Include="core\thread\visuals.h">
      <Filter>Header Files</Filter>
    </ClInclude>
    <ClInclude Include="core\thread\localplayer.h">
      <Filter>Header Files</Filter>
    </ClInclude>
    <ClInclude Include="core\thread\aimbot.h">
      <Filter>Header Files</Filter>
    </ClInclude>
    <ClInclude Include="core\thread\entityloop\entityloop.h">
      <Filter>Header Files</Filter>
    </ClInclude>
    <ClInclude Include="core\draw\drawing.h">
      <Filter>Header Files</Filter>
    </ClInclude>
    <ClInclude Include="core\memory\skcrypt.h">
      <Filter>Header Files</Filter>
    </ClInclude>
    <ClInclude Include="core\memory\estr.h">
      <Filter>Header Files</Filter>
    </ClInclude>
    <ClInclude Include="core\sdk\classes\c_ItemIcon.h">
      <Filter>Header Files</Filter>
    </ClInclude>
    <ClInclude Include="core\sdk\classes\c_option.h">
      <Filter>Header Files</Filter>
    </ClInclude>
  </ItemGroup>
  <ItemGroup>
    <ClCompile Include="external\imgui\imgui.cpp">
      <Filter>Source Files</Filter>
    </ClCompile>
    <ClCompile Include="external\imgui\imgui_demo.cpp">
      <Filter>Source Files</Filter>
    </ClCompile>
    <ClCompile Include="external\imgui\imgui_draw.cpp">
      <Filter>Source Files</Filter>
    </ClCompile>
    <ClCompile Include="external\imgui\imgui_impl_dx9.cpp">
      <Filter>Source Files</Filter>
    </ClCompile>
    <ClCompile Include="external\imgui\imgui_impl_win32.cpp">
      <Filter>Source Files</Filter>
    </ClCompile>
    <ClCompile Include="external\imgui\imgui_tables.cpp">
      <Filter>Source Files</Filter>
    </ClCompile>
    <ClCompile Include="external\imgui\imgui_widgets.cpp">
      <Filter>Source Files</Filter>
    </ClCompile>
    <ClCompile Include="main.cpp">
      <Filter>Source Files</Filter>
    </ClCompile>
    <ClCompile Include="core\memory\driver\driver.cpp">
      <Filter>Source Files</Filter>
    </ClCompile>
  </ItemGroup>
</Project>